
Microsoft Visual Studio Solution File, Format Version 12.00
# Visual Studio Version 16
VisualStudioVersion = 16.0.32228.343
MinimumVisualStudioVersion = 10.0.40219.1
Project("{FAE04EC0-301F-11D3-BF4B-00C04F79EFBC}") = "WWM", "WWM.csproj", "{966C13DC-C1D9-405D-920D-7D3B170BAA8A}"
EndProject
Global
	GlobalSection(SolutionConfigurationPlatforms) = preSolution
		Debug|Any CPU = Debug|Any CPU
		Release|Any CPU = Release|Any CPU
	EndGlobalSection
	GlobalSection(ProjectConfigurationPlatforms) = postSolution
		{966C13DC-C1D9-405D-920D-7D3B170BAA8A}.Debug|Any CPU.ActiveCfg = Debug|Any CPU
		{966C13DC-C1D9-405D-920D-7D3B170BAA8A}.Debug|Any CPU.Build.0 = Debug|Any CPU
		{966C13DC-C1D9-405D-920D-7D3B170BAA8A}.Release|Any CPU.ActiveCfg = Release|Any CPU
		{966C13DC-C1D9-405D-920D-7D3B170BAA8A}.Release|Any CPU.Build.0 = Release|Any CPU
	EndGlobalSection
	GlobalSection(SolutionProperties) = preSolution
		HideSolutionNode = FALSE
	EndGlobalSection
	GlobalSection(ExtensibilityGlobals) = postSolution
		SolutionGuid = {2B6C0275-6B80-437B-95E9-7B16F32DDAD9}
	EndGlobalSection
EndGlobal
